
Microsoft Visual Studio Solution File, Format Version 12.00
# Visual Studio Version 17
VisualStudioVersion = 17.5.33502.453
MinimumVisualStudioVersion = 10.0.40219.1
Project("{FAE04EC0-301F-11D3-BF4B-00C04F79EFBC}") = "AspNetCoreEnvironments.Web", "AspNetCoreEnvironments.Web\AspNetCoreEnvironments.Web.csproj", "{D1818455-8570-4B09-A25B-69579BF4EE39}"
EndProject
Global
	GlobalSection(SolutionConfigurationPlatforms) = preSolution
		Debug|Any CPU = Debug|Any CPU
		Release|Any CPU = Release|Any CPU
	EndGlobalSection
	GlobalSection(ProjectConfigurationPlatforms) = postSolution
		{D1818455-8570-4B09-A25B-69579BF4EE39}.Debug|Any CPU.ActiveCfg = Debug|Any CPU
		{D1818455-8570-4B09-A25B-69579BF4EE39}.Debug|Any CPU.Build.0 = Debug|Any CPU
		{D1818455-8570-4B09-A25B-69579BF4EE39}.Release|Any CPU.ActiveCfg = Release|Any CPU
		{D1818455-8570-4B09-A25B-69579BF4EE39}.Release|Any CPU.Build.0 = Release|Any CPU
	EndGlobalSection
	GlobalSection(SolutionProperties) = preSolution
		HideSolutionNode = FALSE
	EndGlobalSection
	GlobalSection(ExtensibilityGlobals) = postSolution
		SolutionGuid = {C41A7EAE-98D0-4DC1-A413-9DFA889CA63B}
	EndGlobalSection
EndGlobal
